// !$*UTF8*$!
{
	archiveVersion = 1;
	classes = {
	};
	objectVersion = 46;
	objects = {

/* Begin PBXBuildFile section */
		BB1A3F5D15285772003DDF43 /* Default@2x.png in Resources */ = {isa = PBXBuildFile; fileRef = BB1A3F5C15285772003DDF43 /* Default@2x.png */; };
		BB1A3F6115285A97003DDF43 /* Default.png in Resources */ = {isa = PBXBuildFile; fileRef = BB1A3F5F1528577A003DDF43 /* Default.png */; };
		BB1A3F6315285DB0003DDF43 /* lightbulb.png in Resources */ = {isa = PBXBuildFile; fileRef = BB1A3F6215285DB0003DDF43 /* lightbulb.png */; };
		BB1A3F6515285DB4003DDF43 /* Tip_icon.png in Resources */ = {isa = PBXBuildFile; fileRef = BB1A3F6415285DB4003DDF43 /* Tip_icon.png */; };
		BB1A3F67152861A1003DDF43 /* Icon@2x.png in Resources */ = {isa = PBXBuildFile; fileRef = BB1A3F66152861A1003DDF43 /* Icon@2x.png */; };
		BB544F1D1526EBB60059F201 /* icon_57x57.png in Resources */ = {isa = PBXBuildFile; fileRef = BB544F1C1526EBB60059F201 /* icon_57x57.png */; };
		BB544F1F1526EBE20059F201 /* icon_114x114.png in Resources */ = {isa = PBXBuildFile; fileRef = BB544F1E1526EBE20059F201 /* icon_114x114.png */; };
		BB920B2C1528810200921314 /* AppDelegate.m in Sources */ = {isa = PBXBuildFile; fileRef = BB920B201528810200921314 /* AppDelegate.m */; };
		BB920B2E1528810200921314 /* InfoPlist.strings in Resources */ = {isa = PBXBuildFile; fileRef = BB920B231528810200921314 /* InfoPlist.strings */; };
		BB920B2F1528810200921314 /* ViewController_iPad.xib in Resources */ = {isa = PBXBuildFile; fileRef = BB920B251528810200921314 /* ViewController_iPad.xib */; };
		BB920B301528810200921314 /* ViewController_iPhone.xib in Resources */ = {isa = PBXBuildFile; fileRef = BB920B271528810200921314 /* ViewController_iPhone.xib */; };
		BB920B311528810200921314 /* main.m in Sources */ = {isa = PBXBuildFile; fileRef = BB920B291528810200921314 /* main.m */; };
		BB920B321528810200921314 /* ViewController.m in Sources */ = {isa = PBXBuildFile; fileRef = BB920B2B1528810200921314 /* ViewController.m */; };
		BBC1647F1525AC63001E8EE4 /* UIKit.framework in Frameworks */ = {isa = PBXBuildFile; fileRef = BBC1647E1525AC63001E8EE4 /* UIKit.framework */; };
		BBC164811525AC63001E8EE4 /* Foundation.framework in Frameworks */ = {isa = PBXBuildFile; fileRef = BBC164801525AC63001E8EE4 /* Foundation.framework */; };
		BBC164831525AC63001E8EE4 /* CoreGraphics.framework in Frameworks */ = {isa = PBXBuildFile; fileRef = BBC164821525AC63001E8EE4 /* CoreGraphics.framework */; };
		BBC3CCDD1528E61A003DB83E /* DictEntry.m in Sources */ = {isa = PBXBuildFile; fileRef = BBC3CCDC1528E61A003DB83E /* DictEntry.m */; };
		BBD027DD152D9AE000A0EF70 /* UIDictTableView.m in Sources */ = {isa = PBXBuildFile; fileRef = BBD027DC152D9AE000A0EF70 /* UIDictTableView.m */; };
/* End PBXBuildFile section */

/* Begin PBXFileReference section */
		BB1A3F5C15285772003DDF43 /* Default@2x.png */ = {isa = PBXFileReference; lastKnownFileType = image.png; path = "Default@2x.png"; sourceTree = "<group>"; };
		BB1A3F5F1528577A003DDF43 /* Default.png */ = {isa = PBXFileReference; lastKnownFileType = image.png; path = Default.png; sourceTree = "<group>"; };
		BB1A3F6215285DB0003DDF43 /* lightbulb.png */ = {isa = PBXFileReference; lastKnownFileType = image.png; path = lightbulb.png; sourceTree = "<group>"; };
		BB1A3F6415285DB4003DDF43 /* Tip_icon.png */ = {isa = PBXFileReference; lastKnownFileType = image.png; path = Tip_icon.png; sourceTree = "<group>"; };
		BB1A3F66152861A1003DDF43 /* Icon@2x.png */ = {isa = PBXFileReference; lastKnownFileType = image.png; path = "Icon@2x.png"; sourceTree = "<group>"; };
		BB544F1C1526EBB60059F201 /* icon_57x57.png */ = {isa = PBXFileReference; lastKnownFileType = image.png; path = icon_57x57.png; sourceTree = "<group>"; };
		BB544F1E1526EBE20059F201 /* icon_114x114.png */ = {isa = PBXFileReference; lastKnownFileType = image.png; path = icon_114x114.png; sourceTree = "<group>"; };
		BB920B1F1528810200921314 /* AppDelegate.h */ = {isa = PBXFileReference; fileEncoding = 4; lastKnownFileType = sourcecode.c.h; path = AppDelegate.h; sourceTree = "<group>"; };
		BB920B201528810200921314 /* AppDelegate.m */ = {isa = PBXFileReference; fileEncoding = 4; lastKnownFileType = sourcecode.c.objc; path = AppDelegate.m; sourceTree = "<group>"; };
		BB920B221528810200921314 /* Draw Cheats-Prefix.pch */ = {isa = PBXFileReference; fileEncoding = 4; lastKnownFileType = sourcecode.c.h; path = "Draw Cheats-Prefix.pch"; sourceTree = "<group>"; };
		BB920B241528810200921314 /* en */ = {isa = PBXFileReference; lastKnownFileType = text.plist.strings; name = en; path = en.lproj/InfoPlist.strings; sourceTree = "<group>"; };
		BB920B261528810200921314 /* en */ = {isa = PBXFileReference; lastKnownFileType = file.xib; name = en; path = en.lproj/ViewController_iPad.xib; sourceTree = "<group>"; };
		BB920B281528810200921314 /* en */ = {isa = PBXFileReference; lastKnownFileType = file.xib; name = en; path = en.lproj/ViewController_iPhone.xib; sourceTree = "<group>"; };
		BB920B291528810200921314 /* main.m */ = {isa = PBXFileReference; fileEncoding = 4; lastKnownFileType = sourcecode.c.objc; path = main.m; sourceTree = "<group>"; };
		BB920B2A1528810200921314 /* ViewController.h */ = {isa = PBXFileReference; fileEncoding = 4; lastKnownFileType = sourcecode.c.h; path = ViewController.h; sourceTree = "<group>"; };
		BB920B2B1528810200921314 /* ViewController.m */ = {isa = PBXFileReference; fileEncoding = 4; lastKnownFileType = sourcecode.c.objc; path = ViewController.m; sourceTree = "<group>"; };
		BBC1647A1525AC63001E8EE4 /* Draw Cheats.app */ = {isa = PBXFileReference; explicitFileType = wrapper.application; includeInIndex = 0; path = "Draw Cheats.app"; sourceTree = BUILT_PRODUCTS_DIR; };
		BBC1647E1525AC63001E8EE4 /* UIKit.framework */ = {isa = PBXFileReference; lastKnownFileType = wrapper.framework; name = UIKit.framework; path = System/Library/Frameworks/UIKit.framework; sourceTree = SDKROOT; };
		BBC164801525AC63001E8EE4 /* Foundation.framework */ = {isa = PBXFileReference; lastKnownFileType = wrapper.framework; name = Foundation.framework; path = System/Library/Frameworks/Foundation.framework; sourceTree = SDKROOT; };
		BBC164821525AC63001E8EE4 /* CoreGraphics.framework */ = {isa = PBXFileReference; lastKnownFileType = wrapper.framework; name = CoreGraphics.framework; path = System/Library/Frameworks/CoreGraphics.framework; sourceTree = SDKROOT; };
		BBC3CCDB1528E61A003DB83E /* DictEntry.h */ = {isa = PBXFileReference; fileEncoding = 4; lastKnownFileType = sourcecode.c.h; path = DictEntry.h; sourceTree = "<group>"; };
		BBC3CCDC1528E61A003DB83E /* DictEntry.m */ = {isa = PBXFileReference; fileEncoding = 4; lastKnownFileType = sourcecode.c.objc; path = DictEntry.m; sourceTree = "<group>"; };
		BBD027DB152D9AD400A0EF70 /* UIDictTableView.h */ = {isa = PBXFileReference; fileEncoding = 4; lastKnownFileType = sourcecode.c.h; path = UIDictTableView.h; sourceTree = SOURCE_ROOT; };
		BBD027DC152D9AE000A0EF70 /* UIDictTableView.m */ = {isa = PBXFileReference; fileEncoding = 4; lastKnownFileType = sourcecode.c.objc; path = UIDictTableView.m; sourceTree = SOURCE_ROOT; };
/* End PBXFileReference section */

/* Begin PBXFrameworksBuildPhase section */
		BBC164771525AC63001E8EE4 /* Frameworks */ = {
			isa = PBXFrameworksBuildPhase;
			buildActionMask = 2147483647;
			files = (
				BBC1647F1525AC63001E8EE4 /* UIKit.framework in Frameworks */,
				BBC164811525AC63001E8EE4 /* Foundation.framework in Frameworks */,
				BBC164831525AC63001E8EE4 /* CoreGraphics.framework in Frameworks */,
			);
			runOnlyForDeploymentPostprocessing = 0;
		};
/* End PBXFrameworksBuildPhase section */

/* Begin PBXGroup section */
		BB920B1E1528810200921314 /* DrawCheatsApp */ = {
			isa = PBXGroup;
			children = (
				BBD027DC152D9AE000A0EF70 /* UIDictTableView.m */,
				BBD027DB152D9AD400A0EF70 /* UIDictTableView.h */,
				BB920B1F1528810200921314 /* AppDelegate.h */,
				BB920B201528810200921314 /* AppDelegate.m */,
				BB920B221528810200921314 /* Draw Cheats-Prefix.pch */,
				BB920B231528810200921314 /* InfoPlist.strings */,
				BB920B251528810200921314 /* ViewController_iPad.xib */,
				BB920B271528810200921314 /* ViewController_iPhone.xib */,
				BB920B291528810200921314 /* main.m */,
				BB920B2A1528810200921314 /* ViewController.h */,
				BB920B2B1528810200921314 /* ViewController.m */,
				BBC3CCDB1528E61A003DB83E /* DictEntry.h */,
				BBC3CCDC1528E61A003DB83E /* DictEntry.m */,
			);
			path = DrawCheatsApp;
			sourceTree = "<group>";
		};
		BBC1646F1525AC63001E8EE4 = {
			isa = PBXGroup;
			children = (
				BB920B1E1528810200921314 /* DrawCheatsApp */,
				BB1A3F66152861A1003DDF43 /* Icon@2x.png */,
				BB1A3F6415285DB4003DDF43 /* Tip_icon.png */,
				BB1A3F6215285DB0003DDF43 /* lightbulb.png */,
				BB1A3F5F1528577A003DDF43 /* Default.png */,
				BB1A3F5C15285772003DDF43 /* Default@2x.png */,
				BB544F1E1526EBE20059F201 /* icon_114x114.png */,
				BB544F1C1526EBB60059F201 /* icon_57x57.png */,
				BBC1647D1525AC63001E8EE4 /* Frameworks */,
				BBC1647B1525AC63001E8EE4 /* Products */,
			);
			sourceTree = "<group>";
		};
		BBC1647B1525AC63001E8EE4 /* Products */ = {
			isa = PBXGroup;
			children = (
				BBC1647A1525AC63001E8EE4 /* Draw Cheats.app */,
			);
			name = Products;
			sourceTree = "<group>";
		};
		BBC1647D1525AC63001E8EE4 /* Frameworks */ = {
			isa = PBXGroup;
			children = (
				BBC1647E1525AC63001E8EE4 /* UIKit.framework */,
				BBC164801525AC63001E8EE4 /* Foundation.framework */,
				BBC164821525AC63001E8EE4 /* CoreGraphics.framework */,
			);
			name = Frameworks;
			sourceTree = "<group>";
		};
/* End PBXGroup section */

/* Begin PBXNativeTarget section */
		BBC164791525AC63001E8EE4 /* Draw Cheats */ = {
			isa = PBXNativeTarget;
			buildConfigurationList = BBC1649B1525AC63001E8EE4 /* Build configuration list for PBXNativeTarget "Draw Cheats" */;
			buildPhases = (
				BBC164761525AC63001E8EE4 /* Sources */,
				BBC164771525AC63001E8EE4 /* Frameworks */,
				BBC164781525AC63001E8EE4 /* Resources */,
			);
			buildRules = (
			);
			dependencies = (
			);
			name = "Draw Cheats";
			productName = SingleViewApp;
			productReference = BBC1647A1525AC63001E8EE4 /* Draw Cheats.app */;
			productType = "com.apple.product-type.application";
		};
/* End PBXNativeTarget section */

/* Begin PBXProject section */
		BBC164711525AC63001E8EE4 /* Project object */ = {
			isa = PBXProject;
			attributes = {
				LastUpgradeCheck = 0430;
			};
			buildConfigurationList = BBC164741525AC63001E8EE4 /* Build configuration list for PBXProject "Draw Cheats" */;
			compatibilityVersion = "Xcode 3.2";
			developmentRegion = English;
			hasScannedForEncodings = 0;
			knownRegions = (
				en,
			);
			mainGroup = BBC1646F1525AC63001E8EE4;
			productRefGroup = BBC1647B1525AC63001E8EE4 /* Products */;
			projectDirPath = "";
			projectRoot = "";
			targets = (
				BBC164791525AC63001E8EE4 /* Draw Cheats */,
			);
		};
/* End PBXProject section */

/* Begin PBXResourcesBuildPhase section */
		BBC164781525AC63001E8EE4 /* Resources */ = {
			isa = PBXResourcesBuildPhase;
			buildActionMask = 2147483647;
			files = (
				BB544F1D1526EBB60059F201 /* icon_57x57.png in Resources */,
				BB544F1F1526EBE20059F201 /* icon_114x114.png in Resources */,
				BB1A3F5D15285772003DDF43 /* Default@2x.png in Resources */,
				BB1A3F6115285A97003DDF43 /* Default.png in Resources */,
				BB1A3F6315285DB0003DDF43 /* lightbulb.png in Resources */,
				BB1A3F6515285DB4003DDF43 /* Tip_icon.png in Resources */,
				BB1A3F67152861A1003DDF43 /* Icon@2x.png in Resources */,
				BB920B2E1528810200921314 /* InfoPlist.strings in Resources */,
				BB920B2F1528810200921314 /* ViewController_iPad.xib in Resources */,
				BB920B301528810200921314 /* ViewController_iPhone.xib in Resources */,
			);
			runOnlyForDeploymentPostprocessing = 0;
		};
/* End PBXResourcesBuildPhase section */

/* Begin PBXSourcesBuildPhase section */
		BBC164761525AC63001E8EE4 /* Sources */ = {
			isa = PBXSourcesBuildPhase;
			buildActionMask = 2147483647;
			files = (
				BB920B2C1528810200921314 /* AppDelegate.m in Sources */,
				BB920B311528810200921314 /* main.m in Sources */,
				BB920B321528810200921314 /* ViewController.m in Sources */,
				BBC3CCDD1528E61A003DB83E /* DictEntry.m in Sources */,
				BBD027DD152D9AE000A0EF70 /* UIDictTableView.m in Sources */,
			);
			runOnlyForDeploymentPostprocessing = 0;
		};
/* End PBXSourcesBuildPhase section */

/* Begin PBXVariantGroup section */
		BB920B231528810200921314 /* InfoPlist.strings */ = {
			isa = PBXVariantGroup;
			children = (
				BB920B241528810200921314 /* en */,
			);
			name = InfoPlist.strings;
			sourceTree = "<group>";
		};
		BB920B251528810200921314 /* ViewController_iPad.xib */ = {
			isa = PBXVariantGroup;
			children = (
				BB920B261528810200921314 /* en */,
			);
			name = ViewController_iPad.xib;
			sourceTree = "<group>";
		};
		BB920B271528810200921314 /* ViewController_iPhone.xib */ = {
			isa = PBXVariantGroup;
			children = (
				BB920B281528810200921314 /* en */,
			);
			name = ViewController_iPhone.xib;
			sourceTree = "<group>";
		};
/* End PBXVariantGroup section */

/* Begin XCBuildConfiguration section */
		BB544F1A1526273C0059F201 /* DevDist */ = {
			isa = XCBuildConfiguration;
			buildSettings = {
				ALWAYS_SEARCH_USER_PATHS = NO;
				ARCHS = "$(ARCHS_STANDARD_32_BIT)";
				CODE_SIGN_IDENTITY = "iPhone Developer: HAOHUA Huang (HVM323BN6T)";
				"CODE_SIGN_IDENTITY[sdk=iphoneos*]" = "iPhone Developer: HAOHUA Huang (HVM323BN6T)";
				COPY_PHASE_STRIP = YES;
				GCC_C_LANGUAGE_STANDARD = gnu99;
				GCC_VERSION = com.apple.compilers.llvm.clang.1_0;
				GCC_WARN_ABOUT_RETURN_TYPE = YES;
				GCC_WARN_UNINITIALIZED_AUTOS = YES;
				GCC_WARN_UNUSED_VARIABLE = YES;
				IPHONEOS_DEPLOYMENT_TARGET = 5.1;
				OTHER_CFLAGS = "-DNS_BLOCK_ASSERTIONS=1";
				PROVISIONING_PROFILE = "0E10A760-B8EC-4F30-B831-2DA586021539";
				"PROVISIONING_PROFILE[sdk=iphoneos*]" = "0E10A760-B8EC-4F30-B831-2DA586021539";
				SDKROOT = iphoneos;
				TARGETED_DEVICE_FAMILY = 1;
				VALIDATE_PRODUCT = YES;
			};
			name = DevDist;
		};
		BB544F1B1526273C0059F201 /* DevDist */ = {
			isa = XCBuildConfiguration;
			buildSettings = {
				GCC_PRECOMPILE_PREFIX_HEADER = YES;
				GCC_PREFIX_HEADER = "DrawCheatsApp/Draw Cheats-Prefix.pch";
				INFOPLIST_FILE = "DrawCheatsApp/Draw Cheats-Info.plist";
				IPHONEOS_DEPLOYMENT_TARGET = 5.1;
				PRODUCT_NAME = "Draw Cheats";
				TARGETED_DEVICE_FAMILY = 1;
				WRAPPER_EXTENSION = app;
			};
			name = DevDist;
		};
		BBC164991525AC63001E8EE4 /* Debug */ = {
			isa = XCBuildConfiguration;
			buildSettings = {
				ALWAYS_SEARCH_USER_PATHS = NO;
				ARCHS = "$(ARCHS_STANDARD_32_BIT)";
				CODE_SIGN_IDENTITY = "iPhone Developer: HAOHUA Huang (HVM323BN6T)";
				"CODE_SIGN_IDENTITY[sdk=iphoneos*]" = "iPhone Developer: HAOHUA Huang (HVM323BN6T)";
				COPY_PHASE_STRIP = NO;
				GCC_C_LANGUAGE_STANDARD = gnu99;
				GCC_DYNAMIC_NO_PIC = NO;
				GCC_OPTIMIZATION_LEVEL = 0;
				GCC_PREPROCESSOR_DEFINITIONS = (
					"DEBUG=1",
					"$(inherited)",
				);
				GCC_SYMBOLS_PRIVATE_EXTERN = NO;
				GCC_VERSION = com.apple.compilers.llvm.clang.1_0;
				GCC_WARN_ABOUT_RETURN_TYPE = YES;
				GCC_WARN_UNINITIALIZED_AUTOS = YES;
				GCC_WARN_UNUSED_VARIABLE = YES;
				IPHONEOS_DEPLOYMENT_TARGET = 5.1;
				PROVISIONING_PROFILE = "0E10A760-B8EC-4F30-B831-2DA586021539";
				"PROVISIONING_PROFILE[sdk=iphoneos*]" = "0E10A760-B8EC-4F30-B831-2DA586021539";
				SDKROOT = iphoneos;
				TARGETED_DEVICE_FAMILY = 1;
			};
			name = Debug;
		};
		BBC1649A1525AC63001E8EE4 /* Release */ = {
			isa = XCBuildConfiguration;
			buildSettings = {
				ALWAYS_SEARCH_USER_PATHS = NO;
				ARCHS = "$(ARCHS_STANDARD_32_BIT)";
				CODE_SIGN_IDENTITY = "iPhone Developer: HAOHUA Huang (HVM323BN6T)";
				"CODE_SIGN_IDENTITY[sdk=iphoneos*]" = "iPhone Developer: HAOHUA Huang (HVM323BN6T)";
				COPY_PHASE_STRIP = YES;
				GCC_C_LANGUAGE_STANDARD = gnu99;
				GCC_VERSION = com.apple.compilers.llvm.clang.1_0;
				GCC_WARN_ABOUT_RETURN_TYPE = YES;
				GCC_WARN_UNINITIALIZED_AUTOS = YES;
				GCC_WARN_UNUSED_VARIABLE = YES;
				IPHONEOS_DEPLOYMENT_TARGET = 5.1;
				OTHER_CFLAGS = "-DNS_BLOCK_ASSERTIONS=1";
				PROVISIONING_PROFILE = "0E10A760-B8EC-4F30-B831-2DA586021539";
				"PROVISIONING_PROFILE[sdk=iphoneos*]" = "0E10A760-B8EC-4F30-B831-2DA586021539";
				SDKROOT = iphoneos;
				TARGETED_DEVICE_FAMILY = 1;
				VALIDATE_PRODUCT = YES;
			};
			name = Release;
		};
		BBC1649C1525AC63001E8EE4 /* Debug */ = {
			isa = XCBuildConfiguration;
			buildSettings = {
				GCC_PRECOMPILE_PREFIX_HEADER = YES;
				GCC_PREFIX_HEADER = "DrawCheatsApp/Draw Cheats-Prefix.pch";
				INFOPLIST_FILE = "DrawCheatsApp/Draw Cheats-Info.plist";
				IPHONEOS_DEPLOYMENT_TARGET = 5.1;
				PRODUCT_NAME = "Draw Cheats";
				TARGETED_DEVICE_FAMILY = 1;
				WRAPPER_EXTENSION = app;
			};
			name = Debug;
		};
		BBC1649D1525AC63001E8EE4 /* Release */ = {
			isa = XCBuildConfiguration;
			buildSettings = {
				GCC_PRECOMPILE_PREFIX_HEADER = YES;
				GCC_PREFIX_HEADER = "DrawCheatsApp/Draw Cheats-Prefix.pch";
				INFOPLIST_FILE = "DrawCheatsApp/Draw Cheats-Info.plist";
				IPHONEOS_DEPLOYMENT_TARGET = 5.1;
				PRODUCT_NAME = "Draw Cheats";
				TARGETED_DEVICE_FAMILY = 1;
				WRAPPER_EXTENSION = app;
			};
			name = Release;
		};
/* End XCBuildConfiguration section */

/* Begin XCConfigurationList section */
		BBC164741525AC63001E8EE4 /* Build configuration list for PBXProject "Draw Cheats" */ = {
			isa = XCConfigurationList;
			buildConfigurations = (
				BBC164991525AC63001E8EE4 /* Debug */,
				BBC1649A1525AC63001E8EE4 /* Release */,
				BB544F1A1526273C0059F201 /* DevDist */,
			);
			defaultConfigurationIsVisible = 0;
			defaultConfigurationName = Release;
		};
		BBC1649B1525AC63001E8EE4 /* Build configuration list for PBXNativeTarget "Draw Cheats" */ = {
			isa = XCConfigurationList;
			buildConfigurations = (
				BBC1649C1525AC63001E8EE4 /* Debug */,
				BBC1649D1525AC63001E8EE4 /* Release */,
				BB544F1B1526273C0059F201 /* DevDist */,
			);
			defaultConfigurationIsVisible = 0;
			defaultConfigurationName = Release;
		};
/* End XCConfigurationList section */
	};
	rootObject = BBC164711525AC63001E8EE4 /* Project object */;
}
