// !$*UTF8*$!
{
	archiveVersion = 1;
	classes = {
	};
	objectVersion = 46;
	objects = {

/* Begin PBXBuildFile section */
		BBBF248B152F341A00AA228F /* UIKit.framework in Frameworks */ = {isa = PBXBuildFile; fileRef = BBBF248A152F341A00AA228F /* UIKit.framework */; };
		BBBF248D152F341A00AA228F /* Foundation.framework in Frameworks */ = {isa = PBXBuildFile; fileRef = BBBF248C152F341A00AA228F /* Foundation.framework */; };
		BBBF248F152F341A00AA228F /* CoreGraphics.framework in Frameworks */ = {isa = PBXBuildFile; fileRef = BBBF248E152F341A00AA228F /* CoreGraphics.framework */; };
		BBBF24C1152F350100AA228F /* AppDelegate.m in Sources */ = {isa = PBXBuildFile; fileRef = BBBF24B6152F350100AA228F /* AppDelegate.m */; };
		BBBF24C2152F350100AA228F /* DictEntry.m in Sources */ = {isa = PBXBuildFile; fileRef = BBBF24B8152F350100AA228F /* DictEntry.m */; };
		BBBF24C4152F350100AA228F /* main.m in Sources */ = {isa = PBXBuildFile; fileRef = BBBF24BC152F350100AA228F /* main.m */; };
		BBBF24C6152F350100AA228F /* ViewController.m in Sources */ = {isa = PBXBuildFile; fileRef = BBBF24C0152F350100AA228F /* ViewController.m */; };
		BBBF24DD152F35A100AA228F /* InfoPlist.strings in Resources */ = {isa = PBXBuildFile; fileRef = BBBF24D7152F35A100AA228F /* InfoPlist.strings */; };
		BBBF24DE152F35A100AA228F /* ViewController_iPad.xib in Resources */ = {isa = PBXBuildFile; fileRef = BBBF24D9152F35A100AA228F /* ViewController_iPad.xib */; };
		BBBF24DF152F35A100AA228F /* ViewController_iPhone.xib in Resources */ = {isa = PBXBuildFile; fileRef = BBBF24DB152F35A100AA228F /* ViewController_iPhone.xib */; };
		BBD9AACE15303427001EDDA3 /* UITextViewController.m in Sources */ = {isa = PBXBuildFile; fileRef = BBD9AACC15303427001EDDA3 /* UITextViewController.m */; };
		BBD9AACF15303427001EDDA3 /* UITextViewController.xib in Resources */ = {isa = PBXBuildFile; fileRef = BBD9AACD15303427001EDDA3 /* UITextViewController.xib */; };
		BBDAD647152F39DA00A17CAD /* DefaultIcon.png in Resources */ = {isa = PBXBuildFile; fileRef = BBDAD646152F39DA00A17CAD /* DefaultIcon.png */; };
		BBDAD649152F39E600A17CAD /* DefaultIcon@2x.png in Resources */ = {isa = PBXBuildFile; fileRef = BBDAD648152F39E600A17CAD /* DefaultIcon@2x.png */; };
		BBDAD64B152F39ED00A17CAD /* Default.png in Resources */ = {isa = PBXBuildFile; fileRef = BBDAD64A152F39ED00A17CAD /* Default.png */; };
		BBDAD64D152F39F200A17CAD /* Default@2x.png in Resources */ = {isa = PBXBuildFile; fileRef = BBDAD64C152F39F200A17CAD /* Default@2x.png */; };
/* End PBXBuildFile section */

/* Begin PBXFileReference section */
		BBBF2486152F341A00AA228F /* Draw助手.app */ = {isa = PBXFileReference; explicitFileType = wrapper.application; includeInIndex = 0; path = "Draw助手.app"; sourceTree = BUILT_PRODUCTS_DIR; };
		BBBF248A152F341A00AA228F /* UIKit.framework */ = {isa = PBXFileReference; lastKnownFileType = wrapper.framework; name = UIKit.framework; path = System/Library/Frameworks/UIKit.framework; sourceTree = SDKROOT; };
		BBBF248C152F341A00AA228F /* Foundation.framework */ = {isa = PBXFileReference; lastKnownFileType = wrapper.framework; name = Foundation.framework; path = System/Library/Frameworks/Foundation.framework; sourceTree = SDKROOT; };
		BBBF248E152F341A00AA228F /* CoreGraphics.framework */ = {isa = PBXFileReference; lastKnownFileType = wrapper.framework; name = CoreGraphics.framework; path = System/Library/Frameworks/CoreGraphics.framework; sourceTree = SDKROOT; };
		BBBF24B5152F350100AA228F /* AppDelegate.h */ = {isa = PBXFileReference; fileEncoding = 4; lastKnownFileType = sourcecode.c.h; path = AppDelegate.h; sourceTree = "<group>"; };
		BBBF24B6152F350100AA228F /* AppDelegate.m */ = {isa = PBXFileReference; fileEncoding = 4; lastKnownFileType = sourcecode.c.objc; path = AppDelegate.m; sourceTree = "<group>"; };
		BBBF24B7152F350100AA228F /* DictEntry.h */ = {isa = PBXFileReference; fileEncoding = 4; lastKnownFileType = sourcecode.c.h; path = DictEntry.h; sourceTree = "<group>"; };
		BBBF24B8152F350100AA228F /* DictEntry.m */ = {isa = PBXFileReference; fileEncoding = 4; lastKnownFileType = sourcecode.c.objc; path = DictEntry.m; sourceTree = "<group>"; };
		BBBF24BC152F350100AA228F /* main.m */ = {isa = PBXFileReference; fileEncoding = 4; lastKnownFileType = sourcecode.c.objc; path = main.m; sourceTree = "<group>"; };
		BBBF24BF152F350100AA228F /* ViewController.h */ = {isa = PBXFileReference; fileEncoding = 4; lastKnownFileType = sourcecode.c.h; path = ViewController.h; sourceTree = "<group>"; };
		BBBF24C0152F350100AA228F /* ViewController.m */ = {isa = PBXFileReference; fileEncoding = 4; lastKnownFileType = sourcecode.c.objc; path = ViewController.m; sourceTree = "<group>"; };
		BBBF24D8152F35A100AA228F /* en */ = {isa = PBXFileReference; lastKnownFileType = text.plist.strings; name = en; path = InfoPlist.strings; sourceTree = "<group>"; };
		BBBF24DA152F35A100AA228F /* en */ = {isa = PBXFileReference; lastKnownFileType = file.xib; name = en; path = ViewController_iPad.xib; sourceTree = "<group>"; };
		BBBF24DC152F35A100AA228F /* en */ = {isa = PBXFileReference; lastKnownFileType = file.xib; name = en; path = ViewController_iPhone.xib; sourceTree = "<group>"; };
		BBD9AACB15303426001EDDA3 /* UITextViewController.h */ = {isa = PBXFileReference; fileEncoding = 4; lastKnownFileType = sourcecode.c.h; path = UITextViewController.h; sourceTree = "<group>"; };
		BBD9AACC15303427001EDDA3 /* UITextViewController.m */ = {isa = PBXFileReference; fileEncoding = 4; lastKnownFileType = sourcecode.c.objc; path = UITextViewController.m; sourceTree = "<group>"; };
		BBD9AACD15303427001EDDA3 /* UITextViewController.xib */ = {isa = PBXFileReference; fileEncoding = 4; lastKnownFileType = file.xib; path = UITextViewController.xib; sourceTree = "<group>"; };
		BBDAD646152F39DA00A17CAD /* DefaultIcon.png */ = {isa = PBXFileReference; lastKnownFileType = image.png; path = DefaultIcon.png; sourceTree = "<group>"; };
		BBDAD648152F39E600A17CAD /* DefaultIcon@2x.png */ = {isa = PBXFileReference; lastKnownFileType = image.png; path = "DefaultIcon@2x.png"; sourceTree = "<group>"; };
		BBDAD64A152F39ED00A17CAD /* Default.png */ = {isa = PBXFileReference; lastKnownFileType = image.png; path = Default.png; sourceTree = "<group>"; };
		BBDAD64C152F39F200A17CAD /* Default@2x.png */ = {isa = PBXFileReference; lastKnownFileType = image.png; path = "Default@2x.png"; sourceTree = "<group>"; };
/* End PBXFileReference section */

/* Begin PBXFrameworksBuildPhase section */
		BBBF2483152F341A00AA228F /* Frameworks */ = {
			isa = PBXFrameworksBuildPhase;
			buildActionMask = 2147483647;
			files = (
				BBBF248B152F341A00AA228F /* UIKit.framework in Frameworks */,
				BBBF248D152F341A00AA228F /* Foundation.framework in Frameworks */,
				BBBF248F152F341A00AA228F /* CoreGraphics.framework in Frameworks */,
			);
			runOnlyForDeploymentPostprocessing = 0;
		};
/* End PBXFrameworksBuildPhase section */

/* Begin PBXGroup section */
		BBBF247B152F341900AA228F = {
			isa = PBXGroup;
			children = (
				BBDAD64C152F39F200A17CAD /* Default@2x.png */,
				BBDAD64A152F39ED00A17CAD /* Default.png */,
				BBDAD648152F39E600A17CAD /* DefaultIcon@2x.png */,
				BBDAD646152F39DA00A17CAD /* DefaultIcon.png */,
				BBBF24D6152F35A100AA228F /* en.lproj */,
				BBBF24C7152F350D00AA228F /* Graphics */,
				BBBF24B4152F350100AA228F /* App */,
				BBBF2489152F341A00AA228F /* Frameworks */,
				BBBF2487152F341A00AA228F /* Products */,
			);
			sourceTree = "<group>";
		};
		BBBF2487152F341A00AA228F /* Products */ = {
			isa = PBXGroup;
			children = (
				BBBF2486152F341A00AA228F /* Draw助手.app */,
			);
			name = Products;
			sourceTree = "<group>";
		};
		BBBF2489152F341A00AA228F /* Frameworks */ = {
			isa = PBXGroup;
			children = (
				BBBF248A152F341A00AA228F /* UIKit.framework */,
				BBBF248C152F341A00AA228F /* Foundation.framework */,
				BBBF248E152F341A00AA228F /* CoreGraphics.framework */,
			);
			name = Frameworks;
			sourceTree = "<group>";
		};
		BBBF24B4152F350100AA228F /* App */ = {
			isa = PBXGroup;
			children = (
				BBD9AACB15303426001EDDA3 /* UITextViewController.h */,
				BBD9AACC15303427001EDDA3 /* UITextViewController.m */,
				BBD9AACD15303427001EDDA3 /* UITextViewController.xib */,
				BBBF24B5152F350100AA228F /* AppDelegate.h */,
				BBBF24B6152F350100AA228F /* AppDelegate.m */,
				BBBF24B7152F350100AA228F /* DictEntry.h */,
				BBBF24B8152F350100AA228F /* DictEntry.m */,
				BBBF24BC152F350100AA228F /* main.m */,
				BBBF24BF152F350100AA228F /* ViewController.h */,
				BBBF24C0152F350100AA228F /* ViewController.m */,
			);
			path = App;
			sourceTree = "<group>";
		};
		BBBF24C7152F350D00AA228F /* Graphics */ = {
			isa = PBXGroup;
			children = (
			);
			path = Graphics;
			sourceTree = "<group>";
		};
		BBBF24D6152F35A100AA228F /* en.lproj */ = {
			isa = PBXGroup;
			children = (
				BBBF24D7152F35A100AA228F /* InfoPlist.strings */,
				BBBF24D9152F35A100AA228F /* ViewController_iPad.xib */,
				BBBF24DB152F35A100AA228F /* ViewController_iPhone.xib */,
			);
			path = en.lproj;
			sourceTree = "<group>";
		};
/* End PBXGroup section */

/* Begin PBXNativeTarget section */
		BBBF2485152F341A00AA228F /* Draw助手 */ = {
			isa = PBXNativeTarget;
			buildConfigurationList = BBBF249E152F341A00AA228F /* Build configuration list for PBXNativeTarget "Draw助手" */;
			buildPhases = (
				BBBF2482152F341A00AA228F /* Sources */,
				BBBF2483152F341A00AA228F /* Frameworks */,
				BBBF2484152F341A00AA228F /* Resources */,
			);
			buildRules = (
			);
			dependencies = (
			);
			name = "Draw助手";
			productName = DrawCheatsApp;
			productReference = BBBF2486152F341A00AA228F /* Draw助手.app */;
			productType = "com.apple.product-type.application";
		};
/* End PBXNativeTarget section */

/* Begin PBXProject section */
		BBBF247D152F341900AA228F /* Project object */ = {
			isa = PBXProject;
			attributes = {
				LastUpgradeCheck = 0430;
			};
			buildConfigurationList = BBBF2480152F341900AA228F /* Build configuration list for PBXProject "DrawCheatsApp" */;
			compatibilityVersion = "Xcode 3.2";
			developmentRegion = English;
			hasScannedForEncodings = 0;
			knownRegions = (
				en,
			);
			mainGroup = BBBF247B152F341900AA228F;
			productRefGroup = BBBF2487152F341A00AA228F /* Products */;
			projectDirPath = "";
			projectRoot = "";
			targets = (
				BBBF2485152F341A00AA228F /* Draw助手 */,
			);
		};
/* End PBXProject section */

/* Begin PBXResourcesBuildPhase section */
		BBBF2484152F341A00AA228F /* Resources */ = {
			isa = PBXResourcesBuildPhase;
			buildActionMask = 2147483647;
			files = (
				BBBF24DD152F35A100AA228F /* InfoPlist.strings in Resources */,
				BBBF24DE152F35A100AA228F /* ViewController_iPad.xib in Resources */,
				BBBF24DF152F35A100AA228F /* ViewController_iPhone.xib in Resources */,
				BBDAD647152F39DA00A17CAD /* DefaultIcon.png in Resources */,
				BBDAD649152F39E600A17CAD /* DefaultIcon@2x.png in Resources */,
				BBDAD64B152F39ED00A17CAD /* Default.png in Resources */,
				BBDAD64D152F39F200A17CAD /* Default@2x.png in Resources */,
				BBD9AACF15303427001EDDA3 /* UITextViewController.xib in Resources */,
			);
			runOnlyForDeploymentPostprocessing = 0;
		};
/* End PBXResourcesBuildPhase section */

/* Begin PBXSourcesBuildPhase section */
		BBBF2482152F341A00AA228F /* Sources */ = {
			isa = PBXSourcesBuildPhase;
			buildActionMask = 2147483647;
			files = (
				BBBF24C1152F350100AA228F /* AppDelegate.m in Sources */,
				BBBF24C2152F350100AA228F /* DictEntry.m in Sources */,
				BBBF24C4152F350100AA228F /* main.m in Sources */,
				BBBF24C6152F350100AA228F /* ViewController.m in Sources */,
				BBD9AACE15303427001EDDA3 /* UITextViewController.m in Sources */,
			);
			runOnlyForDeploymentPostprocessing = 0;
		};
/* End PBXSourcesBuildPhase section */

/* Begin PBXVariantGroup section */
		BBBF24D7152F35A100AA228F /* InfoPlist.strings */ = {
			isa = PBXVariantGroup;
			children = (
				BBBF24D8152F35A100AA228F /* en */,
			);
			name = InfoPlist.strings;
			sourceTree = "<group>";
		};
		BBBF24D9152F35A100AA228F /* ViewController_iPad.xib */ = {
			isa = PBXVariantGroup;
			children = (
				BBBF24DA152F35A100AA228F /* en */,
			);
			name = ViewController_iPad.xib;
			sourceTree = "<group>";
		};
		BBBF24DB152F35A100AA228F /* ViewController_iPhone.xib */ = {
			isa = PBXVariantGroup;
			children = (
				BBBF24DC152F35A100AA228F /* en */,
			);
			name = ViewController_iPhone.xib;
			sourceTree = "<group>";
		};
/* End PBXVariantGroup section */

/* Begin XCBuildConfiguration section */
		BBBF249C152F341A00AA228F /* Debug */ = {
			isa = XCBuildConfiguration;
			buildSettings = {
				ALWAYS_SEARCH_USER_PATHS = NO;
				ARCHS = "$(ARCHS_STANDARD_32_BIT)";
				"CODE_SIGN_IDENTITY[sdk=iphoneos*]" = "iPhone Developer";
				COPY_PHASE_STRIP = NO;
				GCC_C_LANGUAGE_STANDARD = gnu99;
				GCC_DYNAMIC_NO_PIC = NO;
				GCC_OPTIMIZATION_LEVEL = 0;
				GCC_PREPROCESSOR_DEFINITIONS = (
					"DEBUG=1",
					"$(inherited)",
				);
				GCC_SYMBOLS_PRIVATE_EXTERN = NO;
				GCC_VERSION = com.apple.compilers.llvm.clang.1_0;
				GCC_WARN_ABOUT_RETURN_TYPE = YES;
				GCC_WARN_UNINITIALIZED_AUTOS = YES;
				GCC_WARN_UNUSED_VARIABLE = YES;
				IPHONEOS_DEPLOYMENT_TARGET = 5.1;
				SDKROOT = iphoneos;
				TARGETED_DEVICE_FAMILY = "1,2";
			};
			name = Debug;
		};
		BBBF249D152F341A00AA228F /* Release */ = {
			isa = XCBuildConfiguration;
			buildSettings = {
				ALWAYS_SEARCH_USER_PATHS = NO;
				ARCHS = "$(ARCHS_STANDARD_32_BIT)";
				"CODE_SIGN_IDENTITY[sdk=iphoneos*]" = "iPhone Developer";
				COPY_PHASE_STRIP = YES;
				GCC_C_LANGUAGE_STANDARD = gnu99;
				GCC_VERSION = com.apple.compilers.llvm.clang.1_0;
				GCC_WARN_ABOUT_RETURN_TYPE = YES;
				GCC_WARN_UNINITIALIZED_AUTOS = YES;
				GCC_WARN_UNUSED_VARIABLE = YES;
				IPHONEOS_DEPLOYMENT_TARGET = 5.1;
				OTHER_CFLAGS = "-DNS_BLOCK_ASSERTIONS=1";
				SDKROOT = iphoneos;
				TARGETED_DEVICE_FAMILY = "1,2";
				VALIDATE_PRODUCT = YES;
			};
			name = Release;
		};
		BBBF249F152F341A00AA228F /* Debug */ = {
			isa = XCBuildConfiguration;
			buildSettings = {
				CLANG_ENABLE_OBJC_ARC = YES;
				GCC_PRECOMPILE_PREFIX_HEADER = YES;
				GCC_PREFIX_HEADER = "DrawCheatsApp/DrawCheatsApp-Prefix.pch";
				INFOPLIST_FILE = "DrawCheatsApp/DrawCheatsApp-Info.plist";
				PRODUCT_NAME = "$(TARGET_NAME)";
				TARGETED_DEVICE_FAMILY = 1;
				WRAPPER_EXTENSION = app;
			};
			name = Debug;
		};
		BBBF24A0152F341A00AA228F /* Release */ = {
			isa = XCBuildConfiguration;
			buildSettings = {
				CLANG_ENABLE_OBJC_ARC = YES;
				GCC_PRECOMPILE_PREFIX_HEADER = YES;
				GCC_PREFIX_HEADER = "DrawCheatsApp/DrawCheatsApp-Prefix.pch";
				INFOPLIST_FILE = "DrawCheatsApp/DrawCheatsApp-Info.plist";
				PRODUCT_NAME = "$(TARGET_NAME)";
				TARGETED_DEVICE_FAMILY = 1;
				WRAPPER_EXTENSION = app;
			};
			name = Release;
		};
/* End XCBuildConfiguration section */

/* Begin XCConfigurationList section */
		BBBF2480152F341900AA228F /* Build configuration list for PBXProject "DrawCheatsApp" */ = {
			isa = XCConfigurationList;
			buildConfigurations = (
				BBBF249C152F341A00AA228F /* Debug */,
				BBBF249D152F341A00AA228F /* Release */,
			);
			defaultConfigurationIsVisible = 0;
			defaultConfigurationName = Release;
		};
		BBBF249E152F341A00AA228F /* Build configuration list for PBXNativeTarget "Draw助手" */ = {
			isa = XCConfigurationList;
			buildConfigurations = (
				BBBF249F152F341A00AA228F /* Debug */,
				BBBF24A0152F341A00AA228F /* Release */,
			);
			defaultConfigurationIsVisible = 0;
			defaultConfigurationName = Release;
		};
/* End XCConfigurationList section */
	};
	rootObject = BBBF247D152F341900AA228F /* Project object */;
}
